
Microsoft Visual Studio Solution File, Format Version 12.00
# Visual Studio Version 17
VisualStudioVersion = 17.9.34728.123
MinimumVisualStudioVersion = 10.0.40219.1
Project("{8BC9CEB8-8B4A-11D0-8D11-00A0C91BC942}") = "project3", "project3\project3.vcxproj", "{305B1E56-DEEC-488C-A2FC-461F182BBA6D}"
EndProject
Project("{8BC9CEB8-8B4A-11D0-8D11-00A0C91BC942}") = "UnitTest1", "UnitTest1\UnitTest1.vcxproj", "{19A6AECD-7F2F-40E0-AB4E-F10F912CADA0}"
EndProject
Global
	GlobalSection(SolutionConfigurationPlatforms) = preSolution
		Debug|x64 = Debug|x64
		Debug|x86 = Debug|x86
		Release|x64 = Release|x64
		Release|x86 = Release|x86
	EndGlobalSection
	GlobalSection(ProjectConfigurationPlatforms) = postSolution
		{305B1E56-DEEC-488C-A2FC-461F182BBA6D}.Debug|x64.ActiveCfg = Debug|x64
		{305B1E56-DEEC-488C-A2FC-461F182BBA6D}.Debug|x64.Build.0 = Debug|x64
		{305B1E56-DEEC-488C-A2FC-461F182BBA6D}.Debug|x86.ActiveCfg = Debug|Win32
		{305B1E56-DEEC-488C-A2FC-461F182BBA6D}.Debug|x86.Build.0 = Debug|Win32
		{305B1E56-DEEC-488C-A2FC-461F182BBA6D}.Release|x64.ActiveCfg = Release|x64
		{305B1E56-DEEC-488C-A2FC-461F182BBA6D}.Release|x64.Build.0 = Release|x64
		{305B1E56-DEEC-488C-A2FC-461F182BBA6D}.Release|x86.ActiveCfg = Release|Win32
		{305B1E56-DEEC-488C-A2FC-461F182BBA6D}.Release|x86.Build.0 = Release|Win32
		{19A6AECD-7F2F-40E0-AB4E-F10F912CADA0}.Debug|x64.ActiveCfg = Debug|x64
		{19A6AECD-7F2F-40E0-AB4E-F10F912CADA0}.Debug|x64.Build.0 = Debug|x64
		{19A6AECD-7F2F-40E0-AB4E-F10F912CADA0}.Debug|x86.ActiveCfg = Debug|Win32
		{19A6AECD-7F2F-40E0-AB4E-F10F912CADA0}.Debug|x86.Build.0 = Debug|Win32
		{19A6AECD-7F2F-40E0-AB4E-F10F912CADA0}.Release|x64.ActiveCfg = Release|x64
		{19A6AECD-7F2F-40E0-AB4E-F10F912CADA0}.Release|x64.Build.0 = Release|x64
		{19A6AECD-7F2F-40E0-AB4E-F10F912CADA0}.Release|x86.ActiveCfg = Release|Win32
		{19A6AECD-7F2F-40E0-AB4E-F10F912CADA0}.Release|x86.Build.0 = Release|Win32
	EndGlobalSection
	GlobalSection(SolutionProperties) = preSolution
		HideSolutionNode = FALSE
	EndGlobalSection
	GlobalSection(ExtensibilityGlobals) = postSolution
		SolutionGuid = {1CD3313D-B840-4715-BE85-1178128A4D0A}
	EndGlobalSection
EndGlobal
